
Microsoft Visual Studio Solution File, Format Version 12.00
# Visual Studio Version 17
VisualStudioVersion = 17.3.32929.385
MinimumVisualStudioVersion = 10.0.40219.1
Project("{FAE04EC0-301F-11D3-BF4B-00C04F79EFBC}") = "Ejercicio4", "Ejercicio4.csproj", "{013AE0E8-A8C7-43C0-BCD0-0B62DD57B3CA}"
EndProject
Global
	GlobalSection(SolutionConfigurationPlatforms) = preSolution
		Debug|Any CPU = Debug|Any CPU
		Release|Any CPU = Release|Any CPU
	EndGlobalSection
	GlobalSection(ProjectConfigurationPlatforms) = postSolution
		{013AE0E8-A8C7-43C0-BCD0-0B62DD57B3CA}.Debug|Any CPU.ActiveCfg = Debug|Any CPU
		{013AE0E8-A8C7-43C0-BCD0-0B62DD57B3CA}.Debug|Any CPU.Build.0 = Debug|Any CPU
		{013AE0E8-A8C7-43C0-BCD0-0B62DD57B3CA}.Release|Any CPU.ActiveCfg = Release|Any CPU
		{013AE0E8-A8C7-43C0-BCD0-0B62DD57B3CA}.Release|Any CPU.Build.0 = Release|Any CPU
	EndGlobalSection
	GlobalSection(SolutionProperties) = preSolution
		HideSolutionNode = FALSE
	EndGlobalSection
	GlobalSection(ExtensibilityGlobals) = postSolution
		SolutionGuid = {1098E439-A3DF-42D4-8917-50A66B04D29D}
	EndGlobalSection
EndGlobal
